
Microsoft Visual Studio Solution File, Format Version 12.00
Project("{FAE04EC0-301F-11D3-BF4B-00C04F79EFBC}") = "SimpleBuilder", "Builder\SimpleBuilder\SimpleBuilder.csproj", "{FD9D060F-B3C9-4F7F-9947-70B9E0C68D46}"
EndProject
Project("{FAE04EC0-301F-11D3-BF4B-00C04F79EFBC}") = "FunctionalBuilder", "Builder\FunctionalBuilder\FunctionalBuilder.csproj", "{292A596E-CDEF-45CC-82E3-2B644A70BAD3}"
EndProject
Project("{FAE04EC0-301F-11D3-BF4B-00C04F79EFBC}") = "FacetedBuilder", "Builder\FacetedBuilder\FacetedBuilder.csproj", "{0496459D-27F0-40D1-AD40-5891380487C6}"
EndProject
Project("{FAE04EC0-301F-11D3-BF4B-00C04F79EFBC}") = "BuilderExercise", "Builder\BuilderExercise\BuilderExercise.csproj", "{DD47BEC4-DB45-4D07-8A0D-6A872BEC3F0C}"
EndProject
Project("{2150E333-8FDC-42A3-9474-1A3956D46DE8}") = "Builder", "Builder", "{59655D4F-499A-4EE7-B048-F19DC6D8255B}"
EndProject
Project("{FAE04EC0-301F-11D3-BF4B-00C04F79EFBC}") = "StronglyTypedBuilder", "Builder\StronglyTypedBuilder\StronglyTypedBuilder.csproj", "{938521CB-BDBA-4399-9C8C-825BD7E3CE21}"
EndProject
Project("{FAE04EC0-301F-11D3-BF4B-00C04F79EFBC}") = "ImmutableBuilder", "Builder\ImmutableBuilder\ImmutableBuilder.csproj", "{8589A228-AD25-44CA-B314-B588F99D53B6}"
EndProject
Project("{2150E333-8FDC-42A3-9474-1A3956D46DE8}") = "Factories", "Factories", "{8B7E6CD6-1866-4A91-B726-C61F144DD884}"
EndProject
Project("{FAE04EC0-301F-11D3-BF4B-00C04F79EFBC}") = "FactoryMethod", "Factories\FactoryMethod\FactoryMethod.csproj", "{625F1CBC-45F0-4009-A02D-6C4D7ABA9758}"
EndProject
Project("{FAE04EC0-301F-11D3-BF4B-00C04F79EFBC}") = "AsynchronousFactoryMethod", "Factories\AsynchronousFactoryMethod\AsynchronousFactoryMethod.csproj", "{C42F4A88-9201-4626-A9F9-2E6B47E1FA59}"
EndProject
Project("{FAE04EC0-301F-11D3-BF4B-00C04F79EFBC}") = "InheritanceBuilder", "Builder\InheritanceBuilder\InheritanceBuilder.csproj", "{39873F97-97B1-42B6-BA68-06D8679AFED8}"
EndProject
Project("{FAE04EC0-301F-11D3-BF4B-00C04F79EFBC}") = "Factory", "Factories\Factory\Factory.csproj", "{42174E1C-8B3E-4526-B937-D14730F458DC}"
EndProject
Project("{FAE04EC0-301F-11D3-BF4B-00C04F79EFBC}") = "InternalFactory", "Factories\InternalFactory\InternalFactory.csproj", "{6DAE50C7-500E-4FE9-9A25-330BA22B008C}"
EndProject
Project("{FAE04EC0-301F-11D3-BF4B-00C04F79EFBC}") = "FactoryExercise", "Factories\FactoryExercise\FactoryExercise.csproj", "{EC9FA21F-7219-4907-9830-1F4601D2FA51}"
EndProject
Project("{2150E333-8FDC-42A3-9474-1A3956D46DE8}") = "Prototype", "Prototype", "{3AFBF900-DC48-4614-AE6C-03BE4EBC9C29}"
EndProject
Project("{FAE04EC0-301F-11D3-BF4B-00C04F79EFBC}") = "PrototypeExercise", "Prototype\PrototypeExercise\PrototypeExercise.csproj", "{FFD2C387-6268-434C-B490-6E2D8584BEBB}"
EndProject
Project("{FAE04EC0-301F-11D3-BF4B-00C04F79EFBC}") = "Prototype", "Prototype\Prototype\Prototype.csproj", "{A378B3F4-08C6-4A51-BF1E-B226F5E6FD2F}"
EndProject
Project("{FAE04EC0-301F-11D3-BF4B-00C04F79EFBC}") = "CopyThroughSerialization", "Prototype\CopyThroughSerialization\CopyThroughSerialization.csproj", "{BB605E7E-5694-45A4-A709-DE3023FB8D44}"
EndProject
Project("{FAE04EC0-301F-11D3-BF4B-00C04F79EFBC}") = "CopyConstructor", "Prototype\CopyConstructor\CopyConstructor.csproj", "{35D4D8DF-8448-458A-A03F-91C7BE0A3429}"
EndProject
Project("{2150E333-8FDC-42A3-9474-1A3956D46DE8}") = "Singleton", "Singleton", "{55BAE299-4EC2-45EA-9223-1B0919D2F2C4}"
EndProject
Project("{FAE04EC0-301F-11D3-BF4B-00C04F79EFBC}") = "SingletonExercise", "Singleton\SingletonExercise\SingletonExercise.csproj", "{D2A9E028-10BE-4C29-98DE-1369FFE9C3B6}"
EndProject
Project("{FAE04EC0-301F-11D3-BF4B-00C04F79EFBC}") = "ThreadSafeSingleton", "Singleton\ThreadSafeSingleton\ThreadSafeSingleton.csproj", "{2F9133BC-0A47-44CC-A548-D8EAA865037A}"
EndProject
Project("{FAE04EC0-301F-11D3-BF4B-00C04F79EFBC}") = "SingletonPerThread", "Singleton\SingletonPerThread\SingletonPerThread.csproj", "{9CB31FC6-A01E-4601-9B47-38E7BF4E77EF}"
EndProject
Project("{FAE04EC0-301F-11D3-BF4B-00C04F79EFBC}") = "SingletonUsingDI", "Singleton\SingletonUsingDI\SingletonUsingDI.csproj", "{170E89F9-728C-43C4-A68E-CA62E850AF4A}"
EndProject
Project("{FAE04EC0-301F-11D3-BF4B-00C04F79EFBC}") = "AmbientContext", "AmbientContext\AmbientContext\AmbientContext.csproj", "{B883576D-B50F-4C69-9DF8-1B18CCAFE119}"
EndProject
Project("{2150E333-8FDC-42A3-9474-1A3956D46DE8}") = "AmbientContext", "AmbientContext", "{DF85E750-782C-43AD-9F74-0274A9AED29C}"
EndProject
Project("{FAE04EC0-301F-11D3-BF4B-00C04F79EFBC}") = "AmbientContext2", "AmbientContext\AmbientContext2\AmbientContext2.csproj", "{73B88367-D62B-4335-AE73-1E2EDA6AE7DB}"
EndProject
Project("{2150E333-8FDC-42A3-9474-1A3956D46DE8}") = "Adapter", "Adapter", "{06D6BD21-C38E-42A8-ADF5-5EC2DEEC2C81}"
EndProject
Project("{FAE04EC0-301F-11D3-BF4B-00C04F79EFBC}") = "DIAdapter", "Adapter\DIAdapter\DIAdapter.csproj", "{93C9C195-4FB4-4B34-8D7A-F837A9453109}"
EndProject
Project("{2150E333-8FDC-42A3-9474-1A3956D46DE8}") = "DI", "DI", "{700EFAD8-6068-4C16-B3ED-A1ED3D028BB8}"
EndProject
Project("{FAE04EC0-301F-11D3-BF4B-00C04F79EFBC}") = "ResolvingDependencyOfMultipleImplementationsOfSameInterface", "DI\ResolvingDependencyOfMultipleImplementationsOfSameInterface\ResolvingDependencyOfMultipleImplementationsOfSameInterface.csproj", "{3131EE71-0E5B-4B86-95BA-E86F7A76F835}"
EndProject
Project("{FAE04EC0-301F-11D3-BF4B-00C04F79EFBC}") = "Adapter", "Adapter\Adapter\Adapter.csproj", "{AF881B99-E742-4454-A90A-E0BF19E5B27B}"
EndProject
Project("{FAE04EC0-301F-11D3-BF4B-00C04F79EFBC}") = "AdapterExercise", "Adapter\AdapterExercise\AdapterExercise.csproj", "{5EDBA633-573B-4868-9738-D64C34DDE687}"
EndProject
Project("{2150E333-8FDC-42A3-9474-1A3956D46DE8}") = "Bridge", "Bridge", "{14CE261A-D8B2-4502-962B-1C167F7700A1}"
EndProject
Project("{FAE04EC0-301F-11D3-BF4B-00C04F79EFBC}") = "Bridge", "Bridge\Bridge\Bridge.csproj", "{3D0DD068-B59B-4E84-ABC8-66899C095857}"
EndProject
Project("{FAE04EC0-301F-11D3-BF4B-00C04F79EFBC}") = "BridgeExercise", "Bridge\BridgeExercise\BridgeExercise.csproj", "{4A9050CF-80A0-4DBB-BC62-652345D7A4DA}"
EndProject
Project("{2150E333-8FDC-42A3-9474-1A3956D46DE8}") = "Composite", "Composite", "{04CAA0E7-A402-4AEE-9F8D-B673B40EEF58}"
EndProject
Project("{FAE04EC0-301F-11D3-BF4B-00C04F79EFBC}") = "Composite", "Composite\Composite\Composite.csproj", "{FCB6AE2E-D347-4054-BFF9-E13D53C4B8A0}"
EndProject
Project("{FAE04EC0-301F-11D3-BF4B-00C04F79EFBC}") = "Composite2", "Composite\Composite2\Composite2.csproj", "{45414AA6-6AD3-4DA0-B2A6-562B2C75CA8B}"
EndProject
Project("{FAE04EC0-301F-11D3-BF4B-00C04F79EFBC}") = "CompositeSpecification", "Composite\CompositeSpecification\CompositeSpecification.csproj", "{38FD3FED-1039-48AC-88A5-C93684C3CCEB}"
EndProject
Project("{FAE04EC0-301F-11D3-BF4B-00C04F79EFBC}") = "CompositeExercise", "Composite\CompositeExercise\CompositeExercise.csproj", "{3B5B54DE-9F3C-4FFC-85DF-DA87E14E7FED}"
EndProject
Project("{FAE04EC0-301F-11D3-BF4B-00C04F79EFBC}") = "CompositeGoodExample", "Composite\CompositeGoodExample\CompositeGoodExample.csproj", "{B7261C0E-5E77-4BBC-81AC-B7F42417F4C3}"
EndProject
Project("{2150E333-8FDC-42A3-9474-1A3956D46DE8}") = "Decorator", "Decorator", "{F878A371-B574-4584-A934-5E445772DC6E}"
EndProject
Project("{FAE04EC0-301F-11D3-BF4B-00C04F79EFBC}") = "Decorator", "Decorator\Decorator\Decorator.csproj", "{1089B35C-BA8B-44CD-9868-36EACE6DAD02}"
EndProject
Project("{FAE04EC0-301F-11D3-BF4B-00C04F79EFBC}") = "DecoratorNiceExample", "Decorator\DecoratorNiceExample\DecoratorNiceExample.csproj", "{15B52745-5098-42B2-89AA-2EFA3FE5FB13}"
EndProject
Project("{2150E333-8FDC-42A3-9474-1A3956D46DE8}") = "Facade", "Facade", "{C1D00A31-C04E-46F0-8DD9-2FD9AF2F05B5}"
EndProject
Project("{FAE04EC0-301F-11D3-BF4B-00C04F79EFBC}") = "Facade", "Facade\Facade\Facade.csproj", "{231E2D53-A123-41CA-9186-1A50AAE94AC6}"
EndProject
Global
	GlobalSection(SolutionConfigurationPlatforms) = preSolution
		Debug|Any CPU = Debug|Any CPU
		Release|Any CPU = Release|Any CPU
	EndGlobalSection
	GlobalSection(ProjectConfigurationPlatforms) = postSolution
		{FD9D060F-B3C9-4F7F-9947-70B9E0C68D46}.Debug|Any CPU.ActiveCfg = Debug|Any CPU
		{FD9D060F-B3C9-4F7F-9947-70B9E0C68D46}.Debug|Any CPU.Build.0 = Debug|Any CPU
		{FD9D060F-B3C9-4F7F-9947-70B9E0C68D46}.Release|Any CPU.ActiveCfg = Release|Any CPU
		{FD9D060F-B3C9-4F7F-9947-70B9E0C68D46}.Release|Any CPU.Build.0 = Release|Any CPU
		{292A596E-CDEF-45CC-82E3-2B644A70BAD3}.Debug|Any CPU.ActiveCfg = Debug|Any CPU
		{292A596E-CDEF-45CC-82E3-2B644A70BAD3}.Debug|Any CPU.Build.0 = Debug|Any CPU
		{292A596E-CDEF-45CC-82E3-2B644A70BAD3}.Release|Any CPU.ActiveCfg = Release|Any CPU
		{292A596E-CDEF-45CC-82E3-2B644A70BAD3}.Release|Any CPU.Build.0 = Release|Any CPU
		{0496459D-27F0-40D1-AD40-5891380487C6}.Debug|Any CPU.ActiveCfg = Debug|Any CPU
		{0496459D-27F0-40D1-AD40-5891380487C6}.Debug|Any CPU.Build.0 = Debug|Any CPU
		{0496459D-27F0-40D1-AD40-5891380487C6}.Release|Any CPU.ActiveCfg = Release|Any CPU
		{0496459D-27F0-40D1-AD40-5891380487C6}.Release|Any CPU.Build.0 = Release|Any CPU
		{DD47BEC4-DB45-4D07-8A0D-6A872BEC3F0C}.Debug|Any CPU.ActiveCfg = Debug|Any CPU
		{DD47BEC4-DB45-4D07-8A0D-6A872BEC3F0C}.Debug|Any CPU.Build.0 = Debug|Any CPU
		{DD47BEC4-DB45-4D07-8A0D-6A872BEC3F0C}.Release|Any CPU.ActiveCfg = Release|Any CPU
		{DD47BEC4-DB45-4D07-8A0D-6A872BEC3F0C}.Release|Any CPU.Build.0 = Release|Any CPU
		{938521CB-BDBA-4399-9C8C-825BD7E3CE21}.Debug|Any CPU.ActiveCfg = Debug|Any CPU
		{938521CB-BDBA-4399-9C8C-825BD7E3CE21}.Debug|Any CPU.Build.0 = Debug|Any CPU
		{938521CB-BDBA-4399-9C8C-825BD7E3CE21}.Release|Any CPU.ActiveCfg = Release|Any CPU
		{938521CB-BDBA-4399-9C8C-825BD7E3CE21}.Release|Any CPU.Build.0 = Release|Any CPU
		{8589A228-AD25-44CA-B314-B588F99D53B6}.Debug|Any CPU.ActiveCfg = Debug|Any CPU
		{8589A228-AD25-44CA-B314-B588F99D53B6}.Debug|Any CPU.Build.0 = Debug|Any CPU
		{8589A228-AD25-44CA-B314-B588F99D53B6}.Release|Any CPU.ActiveCfg = Release|Any CPU
		{8589A228-AD25-44CA-B314-B588F99D53B6}.Release|Any CPU.Build.0 = Release|Any CPU
		{625F1CBC-45F0-4009-A02D-6C4D7ABA9758}.Debug|Any CPU.ActiveCfg = Debug|Any CPU
		{625F1CBC-45F0-4009-A02D-6C4D7ABA9758}.Debug|Any CPU.Build.0 = Debug|Any CPU
		{625F1CBC-45F0-4009-A02D-6C4D7ABA9758}.Release|Any CPU.ActiveCfg = Release|Any CPU
		{625F1CBC-45F0-4009-A02D-6C4D7ABA9758}.Release|Any CPU.Build.0 = Release|Any CPU
		{C42F4A88-9201-4626-A9F9-2E6B47E1FA59}.Debug|Any CPU.ActiveCfg = Debug|Any CPU
		{C42F4A88-9201-4626-A9F9-2E6B47E1FA59}.Debug|Any CPU.Build.0 = Debug|Any CPU
		{C42F4A88-9201-4626-A9F9-2E6B47E1FA59}.Release|Any CPU.ActiveCfg = Release|Any CPU
		{C42F4A88-9201-4626-A9F9-2E6B47E1FA59}.Release|Any CPU.Build.0 = Release|Any CPU
		{39873F97-97B1-42B6-BA68-06D8679AFED8}.Debug|Any CPU.ActiveCfg = Debug|Any CPU
		{39873F97-97B1-42B6-BA68-06D8679AFED8}.Debug|Any CPU.Build.0 = Debug|Any CPU
		{39873F97-97B1-42B6-BA68-06D8679AFED8}.Release|Any CPU.ActiveCfg = Release|Any CPU
		{39873F97-97B1-42B6-BA68-06D8679AFED8}.Release|Any CPU.Build.0 = Release|Any CPU
		{42174E1C-8B3E-4526-B937-D14730F458DC}.Debug|Any CPU.ActiveCfg = Debug|Any CPU
		{42174E1C-8B3E-4526-B937-D14730F458DC}.Debug|Any CPU.Build.0 = Debug|Any CPU
		{42174E1C-8B3E-4526-B937-D14730F458DC}.Release|Any CPU.ActiveCfg = Release|Any CPU
		{42174E1C-8B3E-4526-B937-D14730F458DC}.Release|Any CPU.Build.0 = Release|Any CPU
		{6DAE50C7-500E-4FE9-9A25-330BA22B008C}.Debug|Any CPU.ActiveCfg = Debug|Any CPU
		{6DAE50C7-500E-4FE9-9A25-330BA22B008C}.Debug|Any CPU.Build.0 = Debug|Any CPU
		{6DAE50C7-500E-4FE9-9A25-330BA22B008C}.Release|Any CPU.ActiveCfg = Release|Any CPU
		{6DAE50C7-500E-4FE9-9A25-330BA22B008C}.Release|Any CPU.Build.0 = Release|Any CPU
		{EC9FA21F-7219-4907-9830-1F4601D2FA51}.Debug|Any CPU.ActiveCfg = Debug|Any CPU
		{EC9FA21F-7219-4907-9830-1F4601D2FA51}.Debug|Any CPU.Build.0 = Debug|Any CPU
		{EC9FA21F-7219-4907-9830-1F4601D2FA51}.Release|Any CPU.ActiveCfg = Release|Any CPU
		{EC9FA21F-7219-4907-9830-1F4601D2FA51}.Release|Any CPU.Build.0 = Release|Any CPU
		{FFD2C387-6268-434C-B490-6E2D8584BEBB}.Debug|Any CPU.ActiveCfg = Debug|Any CPU
		{FFD2C387-6268-434C-B490-6E2D8584BEBB}.Debug|Any CPU.Build.0 = Debug|Any CPU
		{FFD2C387-6268-434C-B490-6E2D8584BEBB}.Release|Any CPU.ActiveCfg = Release|Any CPU
		{FFD2C387-6268-434C-B490-6E2D8584BEBB}.Release|Any CPU.Build.0 = Release|Any CPU
		{A378B3F4-08C6-4A51-BF1E-B226F5E6FD2F}.Debug|Any CPU.ActiveCfg = Debug|Any CPU
		{A378B3F4-08C6-4A51-BF1E-B226F5E6FD2F}.Debug|Any CPU.Build.0 = Debug|Any CPU
		{A378B3F4-08C6-4A51-BF1E-B226F5E6FD2F}.Release|Any CPU.ActiveCfg = Release|Any CPU
		{A378B3F4-08C6-4A51-BF1E-B226F5E6FD2F}.Release|Any CPU.Build.0 = Release|Any CPU
		{BB605E7E-5694-45A4-A709-DE3023FB8D44}.Debug|Any CPU.ActiveCfg = Debug|Any CPU
		{BB605E7E-5694-45A4-A709-DE3023FB8D44}.Debug|Any CPU.Build.0 = Debug|Any CPU
		{BB605E7E-5694-45A4-A709-DE3023FB8D44}.Release|Any CPU.ActiveCfg = Release|Any CPU
		{BB605E7E-5694-45A4-A709-DE3023FB8D44}.Release|Any CPU.Build.0 = Release|Any CPU
		{35D4D8DF-8448-458A-A03F-91C7BE0A3429}.Debug|Any CPU.ActiveCfg = Debug|Any CPU
		{35D4D8DF-8448-458A-A03F-91C7BE0A3429}.Debug|Any CPU.Build.0 = Debug|Any CPU
		{35D4D8DF-8448-458A-A03F-91C7BE0A3429}.Release|Any CPU.ActiveCfg = Release|Any CPU
		{35D4D8DF-8448-458A-A03F-91C7BE0A3429}.Release|Any CPU.Build.0 = Release|Any CPU
		{D2A9E028-10BE-4C29-98DE-1369FFE9C3B6}.Debug|Any CPU.ActiveCfg = Debug|Any CPU
		{D2A9E028-10BE-4C29-98DE-1369FFE9C3B6}.Debug|Any CPU.Build.0 = Debug|Any CPU
		{D2A9E028-10BE-4C29-98DE-1369FFE9C3B6}.Release|Any CPU.ActiveCfg = Release|Any CPU
		{D2A9E028-10BE-4C29-98DE-1369FFE9C3B6}.Release|Any CPU.Build.0 = Release|Any CPU
		{2F9133BC-0A47-44CC-A548-D8EAA865037A}.Debug|Any CPU.ActiveCfg = Debug|Any CPU
		{2F9133BC-0A47-44CC-A548-D8EAA865037A}.Debug|Any CPU.Build.0 = Debug|Any CPU
		{2F9133BC-0A47-44CC-A548-D8EAA865037A}.Release|Any CPU.ActiveCfg = Release|Any CPU
		{2F9133BC-0A47-44CC-A548-D8EAA865037A}.Release|Any CPU.Build.0 = Release|Any CPU
		{9CB31FC6-A01E-4601-9B47-38E7BF4E77EF}.Debug|Any CPU.ActiveCfg = Debug|Any CPU
		{9CB31FC6-A01E-4601-9B47-38E7BF4E77EF}.Debug|Any CPU.Build.0 = Debug|Any CPU
		{9CB31FC6-A01E-4601-9B47-38E7BF4E77EF}.Release|Any CPU.ActiveCfg = Release|Any CPU
		{9CB31FC6-A01E-4601-9B47-38E7BF4E77EF}.Release|Any CPU.Build.0 = Release|Any CPU
		{170E89F9-728C-43C4-A68E-CA62E850AF4A}.Debug|Any CPU.ActiveCfg = Debug|Any CPU
		{170E89F9-728C-43C4-A68E-CA62E850AF4A}.Debug|Any CPU.Build.0 = Debug|Any CPU
		{170E89F9-728C-43C4-A68E-CA62E850AF4A}.Release|Any CPU.ActiveCfg = Release|Any CPU
		{170E89F9-728C-43C4-A68E-CA62E850AF4A}.Release|Any CPU.Build.0 = Release|Any CPU
		{B883576D-B50F-4C69-9DF8-1B18CCAFE119}.Debug|Any CPU.ActiveCfg = Debug|Any CPU
		{B883576D-B50F-4C69-9DF8-1B18CCAFE119}.Debug|Any CPU.Build.0 = Debug|Any CPU
		{B883576D-B50F-4C69-9DF8-1B18CCAFE119}.Release|Any CPU.ActiveCfg = Release|Any CPU
		{B883576D-B50F-4C69-9DF8-1B18CCAFE119}.Release|Any CPU.Build.0 = Release|Any CPU
		{73B88367-D62B-4335-AE73-1E2EDA6AE7DB}.Debug|Any CPU.ActiveCfg = Debug|Any CPU
		{73B88367-D62B-4335-AE73-1E2EDA6AE7DB}.Debug|Any CPU.Build.0 = Debug|Any CPU
		{73B88367-D62B-4335-AE73-1E2EDA6AE7DB}.Release|Any CPU.ActiveCfg = Release|Any CPU
		{73B88367-D62B-4335-AE73-1E2EDA6AE7DB}.Release|Any CPU.Build.0 = Release|Any CPU
		{93C9C195-4FB4-4B34-8D7A-F837A9453109}.Debug|Any CPU.ActiveCfg = Debug|Any CPU
		{93C9C195-4FB4-4B34-8D7A-F837A9453109}.Debug|Any CPU.Build.0 = Debug|Any CPU
		{93C9C195-4FB4-4B34-8D7A-F837A9453109}.Release|Any CPU.ActiveCfg = Release|Any CPU
		{93C9C195-4FB4-4B34-8D7A-F837A9453109}.Release|Any CPU.Build.0 = Release|Any CPU
		{3131EE71-0E5B-4B86-95BA-E86F7A76F835}.Debug|Any CPU.ActiveCfg = Debug|Any CPU
		{3131EE71-0E5B-4B86-95BA-E86F7A76F835}.Debug|Any CPU.Build.0 = Debug|Any CPU
		{3131EE71-0E5B-4B86-95BA-E86F7A76F835}.Release|Any CPU.ActiveCfg = Release|Any CPU
		{3131EE71-0E5B-4B86-95BA-E86F7A76F835}.Release|Any CPU.Build.0 = Release|Any CPU
		{AF881B99-E742-4454-A90A-E0BF19E5B27B}.Debug|Any CPU.ActiveCfg = Debug|Any CPU
		{AF881B99-E742-4454-A90A-E0BF19E5B27B}.Debug|Any CPU.Build.0 = Debug|Any CPU
		{AF881B99-E742-4454-A90A-E0BF19E5B27B}.Release|Any CPU.ActiveCfg = Release|Any CPU
		{AF881B99-E742-4454-A90A-E0BF19E5B27B}.Release|Any CPU.Build.0 = Release|Any CPU
		{5EDBA633-573B-4868-9738-D64C34DDE687}.Debug|Any CPU.ActiveCfg = Debug|Any CPU
		{5EDBA633-573B-4868-9738-D64C34DDE687}.Debug|Any CPU.Build.0 = Debug|Any CPU
		{5EDBA633-573B-4868-9738-D64C34DDE687}.Release|Any CPU.ActiveCfg = Release|Any CPU
		{5EDBA633-573B-4868-9738-D64C34DDE687}.Release|Any CPU.Build.0 = Release|Any CPU
		{3D0DD068-B59B-4E84-ABC8-66899C095857}.Debug|Any CPU.ActiveCfg = Debug|Any CPU
		{3D0DD068-B59B-4E84-ABC8-66899C095857}.Debug|Any CPU.Build.0 = Debug|Any CPU
		{3D0DD068-B59B-4E84-ABC8-66899C095857}.Release|Any CPU.ActiveCfg = Release|Any CPU
		{3D0DD068-B59B-4E84-ABC8-66899C095857}.Release|Any CPU.Build.0 = Release|Any CPU
		{4A9050CF-80A0-4DBB-BC62-652345D7A4DA}.Debug|Any CPU.ActiveCfg = Debug|Any CPU
		{4A9050CF-80A0-4DBB-BC62-652345D7A4DA}.Debug|Any CPU.Build.0 = Debug|Any CPU
		{4A9050CF-80A0-4DBB-BC62-652345D7A4DA}.Release|Any CPU.ActiveCfg = Release|Any CPU
		{4A9050CF-80A0-4DBB-BC62-652345D7A4DA}.Release|Any CPU.Build.0 = Release|Any CPU
		{FCB6AE2E-D347-4054-BFF9-E13D53C4B8A0}.Debug|Any CPU.ActiveCfg = Debug|Any CPU
		{FCB6AE2E-D347-4054-BFF9-E13D53C4B8A0}.Debug|Any CPU.Build.0 = Debug|Any CPU
		{FCB6AE2E-D347-4054-BFF9-E13D53C4B8A0}.Release|Any CPU.ActiveCfg = Release|Any CPU
		{FCB6AE2E-D347-4054-BFF9-E13D53C4B8A0}.Release|Any CPU.Build.0 = Release|Any CPU
		{45414AA6-6AD3-4DA0-B2A6-562B2C75CA8B}.Debug|Any CPU.ActiveCfg = Debug|Any CPU
		{45414AA6-6AD3-4DA0-B2A6-562B2C75CA8B}.Debug|Any CPU.Build.0 = Debug|Any CPU
		{45414AA6-6AD3-4DA0-B2A6-562B2C75CA8B}.Release|Any CPU.ActiveCfg = Release|Any CPU
		{45414AA6-6AD3-4DA0-B2A6-562B2C75CA8B}.Release|Any CPU.Build.0 = Release|Any CPU
		{38FD3FED-1039-48AC-88A5-C93684C3CCEB}.Debug|Any CPU.ActiveCfg = Debug|Any CPU
		{38FD3FED-1039-48AC-88A5-C93684C3CCEB}.Debug|Any CPU.Build.0 = Debug|Any CPU
		{38FD3FED-1039-48AC-88A5-C93684C3CCEB}.Release|Any CPU.ActiveCfg = Release|Any CPU
		{38FD3FED-1039-48AC-88A5-C93684C3CCEB}.Release|Any CPU.Build.0 = Release|Any CPU
		{3B5B54DE-9F3C-4FFC-85DF-DA87E14E7FED}.Debug|Any CPU.ActiveCfg = Debug|Any CPU
		{3B5B54DE-9F3C-4FFC-85DF-DA87E14E7FED}.Debug|Any CPU.Build.0 = Debug|Any CPU
		{3B5B54DE-9F3C-4FFC-85DF-DA87E14E7FED}.Release|Any CPU.ActiveCfg = Release|Any CPU
		{3B5B54DE-9F3C-4FFC-85DF-DA87E14E7FED}.Release|Any CPU.Build.0 = Release|Any CPU
		{B7261C0E-5E77-4BBC-81AC-B7F42417F4C3}.Debug|Any CPU.ActiveCfg = Debug|Any CPU
		{B7261C0E-5E77-4BBC-81AC-B7F42417F4C3}.Debug|Any CPU.Build.0 = Debug|Any CPU
		{B7261C0E-5E77-4BBC-81AC-B7F42417F4C3}.Release|Any CPU.ActiveCfg = Release|Any CPU
		{B7261C0E-5E77-4BBC-81AC-B7F42417F4C3}.Release|Any CPU.Build.0 = Release|Any CPU
		{1089B35C-BA8B-44CD-9868-36EACE6DAD02}.Debug|Any CPU.ActiveCfg = Debug|Any CPU
		{1089B35C-BA8B-44CD-9868-36EACE6DAD02}.Debug|Any CPU.Build.0 = Debug|Any CPU
		{1089B35C-BA8B-44CD-9868-36EACE6DAD02}.Release|Any CPU.ActiveCfg = Release|Any CPU
		{1089B35C-BA8B-44CD-9868-36EACE6DAD02}.Release|Any CPU.Build.0 = Release|Any CPU
		{15B52745-5098-42B2-89AA-2EFA3FE5FB13}.Debug|Any CPU.ActiveCfg = Debug|Any CPU
		{15B52745-5098-42B2-89AA-2EFA3FE5FB13}.Debug|Any CPU.Build.0 = Debug|Any CPU
		{15B52745-5098-42B2-89AA-2EFA3FE5FB13}.Release|Any CPU.ActiveCfg = Release|Any CPU
		{15B52745-5098-42B2-89AA-2EFA3FE5FB13}.Release|Any CPU.Build.0 = Release|Any CPU
		{231E2D53-A123-41CA-9186-1A50AAE94AC6}.Debug|Any CPU.ActiveCfg = Debug|Any CPU
		{231E2D53-A123-41CA-9186-1A50AAE94AC6}.Debug|Any CPU.Build.0 = Debug|Any CPU
		{231E2D53-A123-41CA-9186-1A50AAE94AC6}.Release|Any CPU.ActiveCfg = Release|Any CPU
		{231E2D53-A123-41CA-9186-1A50AAE94AC6}.Release|Any CPU.Build.0 = Release|Any CPU
	EndGlobalSection
	GlobalSection(NestedProjects) = preSolution
		{FD9D060F-B3C9-4F7F-9947-70B9E0C68D46} = {59655D4F-499A-4EE7-B048-F19DC6D8255B}
		{DD47BEC4-DB45-4D07-8A0D-6A872BEC3F0C} = {59655D4F-499A-4EE7-B048-F19DC6D8255B}
		{0496459D-27F0-40D1-AD40-5891380487C6} = {59655D4F-499A-4EE7-B048-F19DC6D8255B}
		{292A596E-CDEF-45CC-82E3-2B644A70BAD3} = {59655D4F-499A-4EE7-B048-F19DC6D8255B}
		{938521CB-BDBA-4399-9C8C-825BD7E3CE21} = {59655D4F-499A-4EE7-B048-F19DC6D8255B}
		{8589A228-AD25-44CA-B314-B588F99D53B6} = {59655D4F-499A-4EE7-B048-F19DC6D8255B}
		{625F1CBC-45F0-4009-A02D-6C4D7ABA9758} = {8B7E6CD6-1866-4A91-B726-C61F144DD884}
		{C42F4A88-9201-4626-A9F9-2E6B47E1FA59} = {8B7E6CD6-1866-4A91-B726-C61F144DD884}
		{39873F97-97B1-42B6-BA68-06D8679AFED8} = {59655D4F-499A-4EE7-B048-F19DC6D8255B}
		{42174E1C-8B3E-4526-B937-D14730F458DC} = {8B7E6CD6-1866-4A91-B726-C61F144DD884}
		{6DAE50C7-500E-4FE9-9A25-330BA22B008C} = {8B7E6CD6-1866-4A91-B726-C61F144DD884}
		{EC9FA21F-7219-4907-9830-1F4601D2FA51} = {8B7E6CD6-1866-4A91-B726-C61F144DD884}
		{FFD2C387-6268-434C-B490-6E2D8584BEBB} = {3AFBF900-DC48-4614-AE6C-03BE4EBC9C29}
		{A378B3F4-08C6-4A51-BF1E-B226F5E6FD2F} = {3AFBF900-DC48-4614-AE6C-03BE4EBC9C29}
		{BB605E7E-5694-45A4-A709-DE3023FB8D44} = {3AFBF900-DC48-4614-AE6C-03BE4EBC9C29}
		{35D4D8DF-8448-458A-A03F-91C7BE0A3429} = {3AFBF900-DC48-4614-AE6C-03BE4EBC9C29}
		{D2A9E028-10BE-4C29-98DE-1369FFE9C3B6} = {55BAE299-4EC2-45EA-9223-1B0919D2F2C4}
		{2F9133BC-0A47-44CC-A548-D8EAA865037A} = {55BAE299-4EC2-45EA-9223-1B0919D2F2C4}
		{9CB31FC6-A01E-4601-9B47-38E7BF4E77EF} = {55BAE299-4EC2-45EA-9223-1B0919D2F2C4}
		{170E89F9-728C-43C4-A68E-CA62E850AF4A} = {55BAE299-4EC2-45EA-9223-1B0919D2F2C4}
		{B883576D-B50F-4C69-9DF8-1B18CCAFE119} = {DF85E750-782C-43AD-9F74-0274A9AED29C}
		{73B88367-D62B-4335-AE73-1E2EDA6AE7DB} = {DF85E750-782C-43AD-9F74-0274A9AED29C}
		{93C9C195-4FB4-4B34-8D7A-F837A9453109} = {06D6BD21-C38E-42A8-ADF5-5EC2DEEC2C81}
		{3131EE71-0E5B-4B86-95BA-E86F7A76F835} = {700EFAD8-6068-4C16-B3ED-A1ED3D028BB8}
		{AF881B99-E742-4454-A90A-E0BF19E5B27B} = {06D6BD21-C38E-42A8-ADF5-5EC2DEEC2C81}
		{5EDBA633-573B-4868-9738-D64C34DDE687} = {06D6BD21-C38E-42A8-ADF5-5EC2DEEC2C81}
		{3D0DD068-B59B-4E84-ABC8-66899C095857} = {14CE261A-D8B2-4502-962B-1C167F7700A1}
		{4A9050CF-80A0-4DBB-BC62-652345D7A4DA} = {14CE261A-D8B2-4502-962B-1C167F7700A1}
		{FCB6AE2E-D347-4054-BFF9-E13D53C4B8A0} = {04CAA0E7-A402-4AEE-9F8D-B673B40EEF58}
		{45414AA6-6AD3-4DA0-B2A6-562B2C75CA8B} = {04CAA0E7-A402-4AEE-9F8D-B673B40EEF58}
		{38FD3FED-1039-48AC-88A5-C93684C3CCEB} = {04CAA0E7-A402-4AEE-9F8D-B673B40EEF58}
		{3B5B54DE-9F3C-4FFC-85DF-DA87E14E7FED} = {04CAA0E7-A402-4AEE-9F8D-B673B40EEF58}
		{B7261C0E-5E77-4BBC-81AC-B7F42417F4C3} = {04CAA0E7-A402-4AEE-9F8D-B673B40EEF58}
		{1089B35C-BA8B-44CD-9868-36EACE6DAD02} = {F878A371-B574-4584-A934-5E445772DC6E}
		{15B52745-5098-42B2-89AA-2EFA3FE5FB13} = {F878A371-B574-4584-A934-5E445772DC6E}
		{231E2D53-A123-41CA-9186-1A50AAE94AC6} = {C1D00A31-C04E-46F0-8DD9-2FD9AF2F05B5}
	EndGlobalSection
EndGlobal
